
Microsoft Visual Studio Solution File, Format Version 12.00
# Visual Studio Version 17
VisualStudioVersion = 17.2.32616.157
MinimumVisualStudioVersion = 10.0.40219.1
Project("{FAE04EC0-301F-11D3-BF4B-00C04F79EFBC}") = "Module_11", "Module_11\Module_11.csproj", "{8E41F858-88EB-4256-83D9-3617400BC19A}"
EndProject
Global
	GlobalSection(SolutionConfigurationPlatforms) = preSolution
		Debug|Any CPU = Debug|Any CPU
		Release|Any CPU = Release|Any CPU
	EndGlobalSection
	GlobalSection(ProjectConfigurationPlatforms) = postSolution
		{8E41F858-88EB-4256-83D9-3617400BC19A}.Debug|Any CPU.ActiveCfg = Debug|Any CPU
		{8E41F858-88EB-4256-83D9-3617400BC19A}.Debug|Any CPU.Build.0 = Debug|Any CPU
		{8E41F858-88EB-4256-83D9-3617400BC19A}.Release|Any CPU.ActiveCfg = Release|Any CPU
		{8E41F858-88EB-4256-83D9-3617400BC19A}.Release|Any CPU.Build.0 = Release|Any CPU
	EndGlobalSection
	GlobalSection(SolutionProperties) = preSolution
		HideSolutionNode = FALSE
	EndGlobalSection
	GlobalSection(ExtensibilityGlobals) = postSolution
		SolutionGuid = {A110D644-3817-42F6-8807-45F287084857}
	EndGlobalSection
EndGlobal
