
Microsoft Visual Studio Solution File, Format Version 12.00
# Visual Studio Version 17
VisualStudioVersion = 17.2.32616.157
MinimumVisualStudioVersion = 10.0.40219.1
Project("{FAE04EC0-301F-11D3-BF4B-00C04F79EFBC}") = "Exam_2", "Exam_2\Exam_2.csproj", "{302E829B-1A7E-4A6E-9F9B-3BE6E60910DC}"
EndProject
Global
	GlobalSection(SolutionConfigurationPlatforms) = preSolution
		Debug|Any CPU = Debug|Any CPU
		Release|Any CPU = Release|Any CPU
	EndGlobalSection
	GlobalSection(ProjectConfigurationPlatforms) = postSolution
		{302E829B-1A7E-4A6E-9F9B-3BE6E60910DC}.Debug|Any CPU.ActiveCfg = Debug|Any CPU
		{302E829B-1A7E-4A6E-9F9B-3BE6E60910DC}.Debug|Any CPU.Build.0 = Debug|Any CPU
		{302E829B-1A7E-4A6E-9F9B-3BE6E60910DC}.Release|Any CPU.ActiveCfg = Release|Any CPU
		{302E829B-1A7E-4A6E-9F9B-3BE6E60910DC}.Release|Any CPU.Build.0 = Release|Any CPU
	EndGlobalSection
	GlobalSection(SolutionProperties) = preSolution
		HideSolutionNode = FALSE
	EndGlobalSection
	GlobalSection(ExtensibilityGlobals) = postSolution
		SolutionGuid = {71DAD43B-FD87-400F-9A78-2FF14E2FE1E3}
	EndGlobalSection
EndGlobal
