
Microsoft Visual Studio Solution File, Format Version 12.00
# Visual Studio Version 17
VisualStudioVersion = 17.2.32616.157
MinimumVisualStudioVersion = 10.0.40219.1
Project("{FAE04EC0-301F-11D3-BF4B-00C04F79EFBC}") = "Module 2", "Module 2\Module 2.csproj", "{8A5C996E-EB25-4B5A-91F2-605780271F62}"
EndProject
Global
	GlobalSection(SolutionConfigurationPlatforms) = preSolution
		Debug|Any CPU = Debug|Any CPU
		Release|Any CPU = Release|Any CPU
	EndGlobalSection
	GlobalSection(ProjectConfigurationPlatforms) = postSolution
		{8A5C996E-EB25-4B5A-91F2-605780271F62}.Debug|Any CPU.ActiveCfg = Debug|Any CPU
		{8A5C996E-EB25-4B5A-91F2-605780271F62}.Debug|Any CPU.Build.0 = Debug|Any CPU
		{8A5C996E-EB25-4B5A-91F2-605780271F62}.Release|Any CPU.ActiveCfg = Release|Any CPU
		{8A5C996E-EB25-4B5A-91F2-605780271F62}.Release|Any CPU.Build.0 = Release|Any CPU
	EndGlobalSection
	GlobalSection(SolutionProperties) = preSolution
		HideSolutionNode = FALSE
	EndGlobalSection
	GlobalSection(ExtensibilityGlobals) = postSolution
		SolutionGuid = {6C0B724D-6B15-44AA-B685-1166FD504D0E}
	EndGlobalSection
EndGlobal
